
Microsoft Visual Studio Solution File, Format Version 12.00
# Visual Studio Version 16
VisualStudioVersion = 16.0.29613.14
MinimumVisualStudioVersion = 10.0.40219.1
Project("{FAE04EC0-301F-11D3-BF4B-00C04F79EFBC}") = "DashboardHelper", "DashboardHelper\DashboardHelper.csproj", "{02CE5609-05E8-459C-9F2D-BB537D0F97F8}"
EndProject
Global
	GlobalSection(SolutionConfigurationPlatforms) = preSolution
		Debug|Any CPU = Debug|Any CPU
		Release|Any CPU = Release|Any CPU
	EndGlobalSection
	GlobalSection(ProjectConfigurationPlatforms) = postSolution
		{02CE5609-05E8-459C-9F2D-BB537D0F97F8}.Debug|Any CPU.ActiveCfg = Debug|Any CPU
		{02CE5609-05E8-459C-9F2D-BB537D0F97F8}.Debug|Any CPU.Build.0 = Debug|Any CPU
		{02CE5609-05E8-459C-9F2D-BB537D0F97F8}.Release|Any CPU.ActiveCfg = Release|Any CPU
		{02CE5609-05E8-459C-9F2D-BB537D0F97F8}.Release|Any CPU.Build.0 = Release|Any CPU
	EndGlobalSection
	GlobalSection(SolutionProperties) = preSolution
		HideSolutionNode = FALSE
	EndGlobalSection
	GlobalSection(ExtensibilityGlobals) = postSolution
		SolutionGuid = {FDAF81E7-9379-47DE-9AE5-0B5D0601C1F4}
	EndGlobalSection
EndGlobal
